
Microsoft Visual Studio Solution File, Format Version 12.00
# Visual Studio Version 17
VisualStudioVersion = 17.8.34330.188
MinimumVisualStudioVersion = 10.0.40219.1
Project("{FAE04EC0-301F-11D3-BF4B-00C04F79EFBC}") = "StatisticEI", "StatisticEI\StatisticEI.csproj", "{5BE8923D-93E1-4D7C-9424-9AE6E028702B}"
EndProject
Global
	GlobalSection(SolutionConfigurationPlatforms) = preSolution
		Debug|Any CPU = Debug|Any CPU
		Release|Any CPU = Release|Any CPU
	EndGlobalSection
	GlobalSection(ProjectConfigurationPlatforms) = postSolution
		{5BE8923D-93E1-4D7C-9424-9AE6E028702B}.Debug|Any CPU.ActiveCfg = Debug|Any CPU
		{5BE8923D-93E1-4D7C-9424-9AE6E028702B}.Debug|Any CPU.Build.0 = Debug|Any CPU
		{5BE8923D-93E1-4D7C-9424-9AE6E028702B}.Release|Any CPU.ActiveCfg = Release|Any CPU
		{5BE8923D-93E1-4D7C-9424-9AE6E028702B}.Release|Any CPU.Build.0 = Release|Any CPU
	EndGlobalSection
	GlobalSection(SolutionProperties) = preSolution
		HideSolutionNode = FALSE
	EndGlobalSection
	GlobalSection(ExtensibilityGlobals) = postSolution
		SolutionGuid = {4372B47A-2725-4275-9D84-593DA1981103}
	EndGlobalSection
EndGlobal
